Microsoft Visual Studio Solution File, Format Version 12.00
# Visual Studio 15
VisualStudioVersion = 15.0.28010.2026
MinimumVisualStudioVersion = 10.0.40219.1
Project("{FAE04EC0-301F-11D3-BF4B-00C04F79EFBC}") = "XamarinMadrid2018.Android", "XamarinMadrid2018.Android\XamarinMadrid2018.Android.csproj", "{20414CEC-04F8-4427-849B-5A6670593279}"
EndProject
Project("{FAE04EC0-301F-11D3-BF4B-00C04F79EFBC}") = "XamarinMadrid2018.iOS", "XamarinMadrid2018.iOS\XamarinMadrid2018.iOS.csproj", "{22941D34-6AF6-4145-8AC8-B2C74C454017}"
EndProject
Project("{9A19103F-16F7-4668-BE54-9A1E7A4F7556}") = "XamarinMadrid2018", "XamarinMadrid2018\XamarinMadrid2018.csproj", "{696A14C1-3F1A-49BE-97D6-32BA226CACC1}"
EndProject
Global
	GlobalSection(SolutionConfigurationPlatforms) = preSolution
		Ad-Hoc|Any CPU = Ad-Hoc|Any CPU
		Ad-Hoc|iPhone = Ad-Hoc|iPhone
		Ad-Hoc|iPhoneSimulator = Ad-Hoc|iPhoneSimulator
		AppStore|Any CPU = AppStore|Any CPU
		AppStore|iPhone = AppStore|iPhone
		AppStore|iPhoneSimulator = AppStore|iPhoneSimulator
		Debug|Any CPU = Debug|Any CPU
		Debug|iPhone = Debug|iPhone
		Debug|iPhoneSimulator = Debug|iPhoneSimulator
		Release|Any CPU = Release|Any CPU
		Release|iPhone = Release|iPhone
		Release|iPhoneSimulator = Release|iPhoneSimulator
	EndGlobalSection
	GlobalSection(ProjectConfigurationPlatforms) = postSolution
		{20414CEC-04F8-4427-849B-5A6670593279}.Ad-Hoc|Any CPU.ActiveCfg = Release|Any CPU
		{20414CEC-04F8-4427-849B-5A6670593279}.Ad-Hoc|Any CPU.Build.0 = Release|Any CPU
		{20414CEC-04F8-4427-849B-5A6670593279}.Ad-Hoc|Any CPU.Deploy.0 = Release|Any CPU
		{20414CEC-04F8-4427-849B-5A6670593279}.Ad-Hoc|iPhone.ActiveCfg = Debug|Any CPU
		{20414CEC-04F8-4427-849B-5A6670593279}.Ad-Hoc|iPhone.Build.0 = Debug|Any CPU
		{20414CEC-04F8-4427-849B-5A6670593279}.Ad-Hoc|iPhoneSimulator.ActiveCfg = Release|Any CPU
		{20414CEC-04F8-4427-849B-5A6670593279}.Ad-Hoc|iPhoneSimulator.Build.0 = Release|Any CPU
		{20414CEC-04F8-4427-849B-5A6670593279}.Ad-Hoc|iPhoneSimulator.Deploy.0 = Release|Any CPU
		{20414CEC-04F8-4427-849B-5A6670593279}.AppStore|Any CPU.ActiveCfg = Release|Any CPU
		{20414CEC-04F8-4427-849B-5A6670593279}.AppStore|Any CPU.Build.0 = Release|Any CPU
		{20414CEC-04F8-4427-849B-5A6670593279}.AppStore|Any CPU.Deploy.0 = Release|Any CPU
		{20414CEC-04F8-4427-849B-5A6670593279}.AppStore|iPhone.ActiveCfg = Debug|Any CPU
		{20414CEC-04F8-4427-849B-5A6670593279}.AppStore|iPhone.Build.0 = Debug|Any CPU
		{20414CEC-04F8-4427-849B-5A6670593279}.AppStore|iPhoneSimulator.ActiveCfg = Release|Any CPU
		{20414CEC-04F8-4427-849B-5A6670593279}.AppStore|iPhoneSimulator.Build.0 = Release|Any CPU
		{20414CEC-04F8-4427-849B-5A6670593279}.AppStore|iPhoneSimulator.Deploy.0 = Release|Any CPU
		{20414CEC-04F8-4427-849B-5A6670593279}.Debug|Any CPU.ActiveCfg = Debug|Any CPU
		{20414CEC-04F8-4427-849B-5A6670593279}.Debug|Any CPU.Build.0 = Debug|Any CPU
		{20414CEC-04F8-4427-849B-5A6670593279}.Debug|Any CPU.Deploy.0 = Debug|Any CPU
		{20414CEC-04F8-4427-849B-5A6670593279}.Debug|iPhone.ActiveCfg = Debug|Any CPU
		{20414CEC-04F8-4427-849B-5A6670593279}.Debug|iPhone.Build.0 = Debug|Any CPU
		{20414CEC-04F8-4427-849B-5A6670593279}.Debug|iPhone.Deploy.0 = Debug|Any CPU
		{20414CEC-04F8-4427-849B-5A6670593279}.Debug|iPhoneSimulator.ActiveCfg = Debug|Any CPU
		{20414CEC-04F8-4427-849B-5A6670593279}.Debug|iPhoneSimulator.Build.0 = Debug|Any CPU
		{20414CEC-04F8-4427-849B-5A6670593279}.Release|Any CPU.ActiveCfg = Release|Any CPU
		{20414CEC-04F8-4427-849B-5A6670593279}.Release|Any CPU.Build.0 = Release|Any CPU
		{20414CEC-04F8-4427-849B-5A6670593279}.Release|iPhone.ActiveCfg = Release|Any CPU
		{20414CEC-04F8-4427-849B-5A6670593279}.Release|iPhone.Build.0 = Release|Any CPU
		{20414CEC-04F8-4427-849B-5A6670593279}.Release|iPhoneSimulator.ActiveCfg = Release|Any CPU
		{20414CEC-04F8-4427-849B-5A6670593279}.Release|iPhoneSimulator.Build.0 = Release|Any CPU
		{22941D34-6AF6-4145-8AC8-B2C74C454017}.Ad-Hoc|Any CPU.ActiveCfg = Ad-Hoc|iPhoneSimulator
		{22941D34-6AF6-4145-8AC8-B2C74C454017}.Ad-Hoc|iPhone.ActiveCfg = Ad-Hoc|iPhone
		{22941D34-6AF6-4145-8AC8-B2C74C454017}.Ad-Hoc|iPhone.Build.0 = Ad-Hoc|iPhone
		{22941D34-6AF6-4145-8AC8-B2C74C454017}.Ad-Hoc|iPhoneSimulator.ActiveCfg = Ad-Hoc|iPhoneSimulator
		{22941D34-6AF6-4145-8AC8-B2C74C454017}.Ad-Hoc|iPhoneSimulator.Build.0 = Ad-Hoc|iPhoneSimulator
		{22941D34-6AF6-4145-8AC8-B2C74C454017}.AppStore|Any CPU.ActiveCfg = AppStore|iPhoneSimulator
		{22941D34-6AF6-4145-8AC8-B2C74C454017}.AppStore|iPhone.ActiveCfg = AppStore|iPhone
		{22941D34-6AF6-4145-8AC8-B2C74C454017}.AppStore|iPhone.Build.0 = AppStore|iPhone
		{22941D34-6AF6-4145-8AC8-B2C74C454017}.AppStore|iPhoneSimulator.ActiveCfg = AppStore|iPhoneSimulator
		{22941D34-6AF6-4145-8AC8-B2C74C454017}.AppStore|iPhoneSimulator.Build.0 = AppStore|iPhoneSimulator
		{22941D34-6AF6-4145-8AC8-B2C74C454017}.Debug|Any CPU.ActiveCfg = Debug|iPhoneSimulator
		{22941D34-6AF6-4145-8AC8-B2C74C454017}.Debug|Any CPU.Build.0 = Debug|iPhoneSimulator
		{22941D34-6AF6-4145-8AC8-B2C74C454017}.Debug|iPhone.ActiveCfg = Debug|iPhone
		{22941D34-6AF6-4145-8AC8-B2C74C454017}.Debug|iPhone.Build.0 = Debug|iPhone
		{22941D34-6AF6-4145-8AC8-B2C74C454017}.Debug|iPhoneSimulator.ActiveCfg = Debug|iPhoneSimulator
		{22941D34-6AF6-4145-8AC8-B2C74C454017}.Debug|iPhoneSimulator.Build.0 = Debug|iPhoneSimulator
		{22941D34-6AF6-4145-8AC8-B2C74C454017}.Release|Any CPU.ActiveCfg = Release|iPhoneSimulator
		{22941D34-6AF6-4145-8AC8-B2C74C454017}.Release|Any CPU.Build.0 = Release|iPhoneSimulator
		{22941D34-6AF6-4145-8AC8-B2C74C454017}.Release|iPhone.ActiveCfg = Release|iPhone
		{22941D34-6AF6-4145-8AC8-B2C74C454017}.Release|iPhone.Build.0 = Release|iPhone
		{22941D34-6AF6-4145-8AC8-B2C74C454017}.Release|iPhoneSimulator.ActiveCfg = Release|iPhoneSimulator
		{22941D34-6AF6-4145-8AC8-B2C74C454017}.Release|iPhoneSimulator.Build.0 = Release|iPhoneSimulator
		{696A14C1-3F1A-49BE-97D6-32BA226CACC1}.Ad-Hoc|Any CPU.ActiveCfg = Release|Any CPU
		{696A14C1-3F1A-49BE-97D6-32BA226CACC1}.Ad-Hoc|Any CPU.Build.0 = Release|Any CPU
		{696A14C1-3F1A-49BE-97D6-32BA226CACC1}.Ad-Hoc|iPhone.ActiveCfg = Debug|Any CPU
		{696A14C1-3F1A-49BE-97D6-32BA226CACC1}.Ad-Hoc|iPhone.Build.0 = Debug|Any CPU
		{696A14C1-3F1A-49BE-97D6-32BA226CACC1}.Ad-Hoc|iPhoneSimulator.ActiveCfg = Release|Any CPU
		{696A14C1-3F1A-49BE-97D6-32BA226CACC1}.Ad-Hoc|iPhoneSimulator.Build.0 = Release|Any CPU
		{696A14C1-3F1A-49BE-97D6-32BA226CACC1}.AppStore|Any CPU.ActiveCfg = Release|Any CPU
		{696A14C1-3F1A-49BE-97D6-32BA226CACC1}.AppStore|Any CPU.Build.0 = Release|Any CPU
		{696A14C1-3F1A-49BE-97D6-32BA226CACC1}.AppStore|iPhone.ActiveCfg = Debug|Any CPU
		{696A14C1-3F1A-49BE-97D6-32BA226CACC1}.AppStore|iPhone.Build.0 = Debug|Any CPU
		{696A14C1-3F1A-49BE-97D6-32BA226CACC1}.AppStore|iPhoneSimulator.ActiveCfg = Release|Any CPU
		{696A14C1-3F1A-49BE-97D6-32BA226CACC1}.AppStore|iPhoneSimulator.Build.0 = Release|Any CPU
		{696A14C1-3F1A-49BE-97D6-32BA226CACC1}.Debug|Any CPU.ActiveCfg = Debug|Any CPU
		{696A14C1-3F1A-49BE-97D6-32BA226CACC1}.Debug|Any CPU.Build.0 = Debug|Any CPU
		{696A14C1-3F1A-49BE-97D6-32BA226CACC1}.Debug|iPhone.ActiveCfg = Debug|Any CPU
		{696A14C1-3F1A-49BE-97D6-32BA226CACC1}.Debug|iPhone.Build.0 = Debug|Any CPU
		{696A14C1-3F1A-49BE-97D6-32BA226CACC1}.Debug|iPhoneSimulator.ActiveCfg = Debug|Any CPU
		{696A14C1-3F1A-49BE-97D6-32BA226CACC1}.Debug|iPhoneSimulator.Build.0 = Debug|Any CPU
		{696A14C1-3F1A-49BE-97D6-32BA226CACC1}.Release|Any CPU.ActiveCfg = Release|Any CPU
		{696A14C1-3F1A-49BE-97D6-32BA226CACC1}.Release|Any CPU.Build.0 = Release|Any CPU
		{696A14C1-3F1A-49BE-97D6-32BA226CACC1}.Release|iPhone.ActiveCfg = Release|Any CPU
		{696A14C1-3F1A-49BE-97D6-32BA226CACC1}.Release|iPhone.Build.0 = Release|Any CPU
		{696A14C1-3F1A-49BE-97D6-32BA226CACC1}.Release|iPhoneSimulator.ActiveCfg = Release|Any CPU
		{696A14C1-3F1A-49BE-97D6-32BA226CACC1}.Release|iPhoneSimulator.Build.0 = Release|Any CPU
	EndGlobalSection
	GlobalSection(SolutionProperties) = preSolution
		HideSolutionNode = FALSE
	EndGlobalSection
	GlobalSection(ExtensibilityGlobals) = postSolution
		SolutionGuid = {08FF6BE1-EBBC-42ED-BCA1-151C6DF60C54}
	EndGlobalSection
EndGlobal
